
Microsoft Visual Studio Solution File, Format Version 12.00
# Visual Studio Version 17
VisualStudioVersion = 17.8.34330.188
MinimumVisualStudioVersion = 10.0.40219.1
Project("{2150E333-8FDC-42A3-9474-1A3956D46DE8}") = "src", "src", "{FDF8D003-4443-49F6-B77C-A9FC62177429}"
EndProject
Project("{2150E333-8FDC-42A3-9474-1A3956D46DE8}") = "Core", "Core", "{580F139F-8077-403F-A552-0B733B7CFB74}"
EndProject
Project("{2150E333-8FDC-42A3-9474-1A3956D46DE8}") = "Infrastructure", "Infrastructure", "{E576074A-F024-4A46-BEA4-C746D184749E}"
EndProject
Project("{2150E333-8FDC-42A3-9474-1A3956D46DE8}") = "Presentation", "Presentation", "{3884744C-BFB9-4C2C-AF45-A72F679FC22F}"
EndProject
Project("{FAE04EC0-301F-11D3-BF4B-00C04F79EFBC}") = "MyPasswordManager.Domain", "MyPasswordManager.Domain\MyPasswordManager.Domain.csproj", "{5E0E90D3-09BE-49F9-A43F-85B5F7D612B1}"
EndProject
Project("{FAE04EC0-301F-11D3-BF4B-00C04F79EFBC}") = "MyPasswordManager.Application", "MyPasswordManager.Application\MyPasswordManager.Application.csproj", "{E95ABEEA-48B0-47D2-A690-3FEB9CA471B3}"
EndProject
Project("{FAE04EC0-301F-11D3-BF4B-00C04F79EFBC}") = "MyPasswordManager.API", "src\Presentation\MyPasswordManager.API\MyPasswordManager.API.csproj", "{0984F585-DE3C-4AB3-89A7-68BF0BA36932}"
EndProject
Project("{FAE04EC0-301F-11D3-BF4B-00C04F79EFBC}") = "MyPasswordManager.Persistence", "src\Infrastructure\MyPasswordManager.Persistence\MyPasswordManager.Persistence.csproj", "{30FC8A81-C13C-4731-B8D4-E44D3126780B}"
EndProject
Global
	GlobalSection(SolutionConfigurationPlatforms) = preSolution
		Debug|Any CPU = Debug|Any CPU
		Release|Any CPU = Release|Any CPU
	EndGlobalSection
	GlobalSection(ProjectConfigurationPlatforms) = postSolution
		{5E0E90D3-09BE-49F9-A43F-85B5F7D612B1}.Debug|Any CPU.ActiveCfg = Debug|Any CPU
		{5E0E90D3-09BE-49F9-A43F-85B5F7D612B1}.Debug|Any CPU.Build.0 = Debug|Any CPU
		{5E0E90D3-09BE-49F9-A43F-85B5F7D612B1}.Release|Any CPU.ActiveCfg = Release|Any CPU
		{5E0E90D3-09BE-49F9-A43F-85B5F7D612B1}.Release|Any CPU.Build.0 = Release|Any CPU
		{E95ABEEA-48B0-47D2-A690-3FEB9CA471B3}.Debug|Any CPU.ActiveCfg = Debug|Any CPU
		{E95ABEEA-48B0-47D2-A690-3FEB9CA471B3}.Debug|Any CPU.Build.0 = Debug|Any CPU
		{E95ABEEA-48B0-47D2-A690-3FEB9CA471B3}.Release|Any CPU.ActiveCfg = Release|Any CPU
		{E95ABEEA-48B0-47D2-A690-3FEB9CA471B3}.Release|Any CPU.Build.0 = Release|Any CPU
		{0984F585-DE3C-4AB3-89A7-68BF0BA36932}.Debug|Any CPU.ActiveCfg = Debug|Any CPU
		{0984F585-DE3C-4AB3-89A7-68BF0BA36932}.Debug|Any CPU.Build.0 = Debug|Any CPU
		{0984F585-DE3C-4AB3-89A7-68BF0BA36932}.Release|Any CPU.ActiveCfg = Release|Any CPU
		{0984F585-DE3C-4AB3-89A7-68BF0BA36932}.Release|Any CPU.Build.0 = Release|Any CPU
		{30FC8A81-C13C-4731-B8D4-E44D3126780B}.Debug|Any CPU.ActiveCfg = Debug|Any CPU
		{30FC8A81-C13C-4731-B8D4-E44D3126780B}.Debug|Any CPU.Build.0 = Debug|Any CPU
		{30FC8A81-C13C-4731-B8D4-E44D3126780B}.Release|Any CPU.ActiveCfg = Release|Any CPU
		{30FC8A81-C13C-4731-B8D4-E44D3126780B}.Release|Any CPU.Build.0 = Release|Any CPU
	EndGlobalSection
	GlobalSection(SolutionProperties) = preSolution
		HideSolutionNode = FALSE
	EndGlobalSection
	GlobalSection(NestedProjects) = preSolution
		{580F139F-8077-403F-A552-0B733B7CFB74} = {FDF8D003-4443-49F6-B77C-A9FC62177429}
		{E576074A-F024-4A46-BEA4-C746D184749E} = {FDF8D003-4443-49F6-B77C-A9FC62177429}
		{3884744C-BFB9-4C2C-AF45-A72F679FC22F} = {FDF8D003-4443-49F6-B77C-A9FC62177429}
		{5E0E90D3-09BE-49F9-A43F-85B5F7D612B1} = {580F139F-8077-403F-A552-0B733B7CFB74}
		{E95ABEEA-48B0-47D2-A690-3FEB9CA471B3} = {580F139F-8077-403F-A552-0B733B7CFB74}
		{0984F585-DE3C-4AB3-89A7-68BF0BA36932} = {3884744C-BFB9-4C2C-AF45-A72F679FC22F}
		{30FC8A81-C13C-4731-B8D4-E44D3126780B} = {E576074A-F024-4A46-BEA4-C746D184749E}
	EndGlobalSection
	GlobalSection(ExtensibilityGlobals) = postSolution
		SolutionGuid = {A3A056B4-5C2F-44F2-9684-9972A9F9D687}
	EndGlobalSection
EndGlobal
